
Microsoft Visual Studio Solution File, Format Version 12.00
# Visual Studio Version 17
VisualStudioVersion = 17.9.34728.123
MinimumVisualStudioVersion = 10.0.40219.1
Project("{9A19103F-16F7-4668-BE54-9A1E7A4F7556}") = "Encapsulation", "Encapsulation\Encapsulation.csproj", "{307B4696-7AF7-4062-BDB6-59AD36EE8652}"
EndProject
Project("{FAE04EC0-301F-11D3-BF4B-00C04F79EFBC}") = "ObjectDesign1", "ObjectDesign1\ObjectDesign1.csproj", "{60B72F63-9CD2-4A00-9897-1635A15D49A4}"
EndProject
Global
	GlobalSection(SolutionConfigurationPlatforms) = preSolution
		Debug|Any CPU = Debug|Any CPU
		Release|Any CPU = Release|Any CPU
	EndGlobalSection
	GlobalSection(ProjectConfigurationPlatforms) = postSolution
		{307B4696-7AF7-4062-BDB6-59AD36EE8652}.Debug|Any CPU.ActiveCfg = Debug|Any CPU
		{307B4696-7AF7-4062-BDB6-59AD36EE8652}.Debug|Any CPU.Build.0 = Debug|Any CPU
		{307B4696-7AF7-4062-BDB6-59AD36EE8652}.Release|Any CPU.ActiveCfg = Release|Any CPU
		{307B4696-7AF7-4062-BDB6-59AD36EE8652}.Release|Any CPU.Build.0 = Release|Any CPU
		{60B72F63-9CD2-4A00-9897-1635A15D49A4}.Debug|Any CPU.ActiveCfg = Debug|Any CPU
		{60B72F63-9CD2-4A00-9897-1635A15D49A4}.Debug|Any CPU.Build.0 = Debug|Any CPU
		{60B72F63-9CD2-4A00-9897-1635A15D49A4}.Release|Any CPU.ActiveCfg = Release|Any CPU
		{60B72F63-9CD2-4A00-9897-1635A15D49A4}.Release|Any CPU.Build.0 = Release|Any CPU
	EndGlobalSection
	GlobalSection(SolutionProperties) = preSolution
		HideSolutionNode = FALSE
	EndGlobalSection
	GlobalSection(ExtensibilityGlobals) = postSolution
		SolutionGuid = {1BE656D9-BC38-4F26-B681-528D9D39E758}
	EndGlobalSection
EndGlobal
